// !$*UTF8*$!
{
	archiveVersion = 1;
	classes = {
	};
	objectVersion = 56;
	objects = {

/* Begin PBXBuildFile section */
		04188DF0AD3BC153653CDE99 /* Pods_Today_Diary.framework in Frameworks */ = {isa = PBXBuildFile; fileRef = 5E11BC606A6FE9CCD3DD461C /* Pods_Today_Diary.framework */; };
		CB0780C329DBDF40009FAADB /* DetailViewModel.swift in Sources */ = {isa = PBXBuildFile; fileRef = CB0780C229DBDF40009FAADB /* DetailViewModel.swift */; };
		CB24303829CEEE6E0046AD0C /* AppDelegate.swift in Sources */ = {isa = PBXBuildFile; fileRef = CB24303729CEEE6E0046AD0C /* AppDelegate.swift */; };
		CB24303A29CEEE6E0046AD0C /* SceneDelegate.swift in Sources */ = {isa = PBXBuildFile; fileRef = CB24303929CEEE6E0046AD0C /* SceneDelegate.swift */; };
		CB24303C29CEEE6E0046AD0C /* MainViewController.swift in Sources */ = {isa = PBXBuildFile; fileRef = CB24303B29CEEE6E0046AD0C /* MainViewController.swift */; };
		CB24304129CEEE6E0046AD0C /* Assets.xcassets in Resources */ = {isa = PBXBuildFile; fileRef = CB24304029CEEE6E0046AD0C /* Assets.xcassets */; };
		CB24304429CEEE6E0046AD0C /* LaunchScreen.storyboard in Resources */ = {isa = PBXBuildFile; fileRef = CB24304229CEEE6E0046AD0C /* LaunchScreen.storyboard */; };
		CB60E47129DD74D100A7915F /* CreateViewModel.swift in Sources */ = {isa = PBXBuildFile; fileRef = CB60E47029DD74D100A7915F /* CreateViewModel.swift */; };
		CB6C3DCB29D9393500E9BB6D /* DateFormatter+.swift in Sources */ = {isa = PBXBuildFile; fileRef = CB6C3DCA29D9393500E9BB6D /* DateFormatter+.swift */; };
		CB7A34E529D94F0E002E435D /* DetailViewController.swift in Sources */ = {isa = PBXBuildFile; fileRef = CB7A34E429D94F0E002E435D /* DetailViewController.swift */; };
		CB7A34E729D9506C002E435D /* UIFont+.swift in Sources */ = {isa = PBXBuildFile; fileRef = CB7A34E629D9506C002E435D /* UIFont+.swift */; };
		CB7A34E929D95CE8002E435D /* Coordinator.swift in Sources */ = {isa = PBXBuildFile; fileRef = CB7A34E829D95CE8002E435D /* Coordinator.swift */; };
		CB7A34EB29D95D02002E435D /* DetailCoordinator.swift in Sources */ = {isa = PBXBuildFile; fileRef = CB7A34EA29D95D02002E435D /* DetailCoordinator.swift */; };
		CB7A34ED29D95D0A002E435D /* CreateCoorinator.swift in Sources */ = {isa = PBXBuildFile; fileRef = CB7A34EC29D95D0A002E435D /* CreateCoorinator.swift */; };
		CB7A34EF29D95DB4002E435D /* MainCoordinator.swift in Sources */ = {isa = PBXBuildFile; fileRef = CB7A34EE29D95DB4002E435D /* MainCoordinator.swift */; };
		CBBB095329D7F07400DB4C30 /* SystemImage.swift in Sources */ = {isa = PBXBuildFile; fileRef = CBBB095229D7F07400DB4C30 /* SystemImage.swift */; };
		CBBB095929D7F1A400DB4C30 /* DiaryListBackgroundView.swift in Sources */ = {isa = PBXBuildFile; fileRef = CBBB095829D7F1A400DB4C30 /* DiaryListBackgroundView.swift */; };
		CBBB095B29D7F33900DB4C30 /* DiaryListBackgroundViewModel.swift in Sources */ = {isa = PBXBuildFile; fileRef = CBBB095A29D7F33900DB4C30 /* DiaryListBackgroundViewModel.swift */; };
		CBBB095D29D7F52300DB4C30 /* DiaryListCell.swift in Sources */ = {isa = PBXBuildFile; fileRef = CBBB095C29D7F52300DB4C30 /* DiaryListCell.swift */; };
		CBBB096029D7F54C00DB4C30 /* UITableViewCellRegister.swift in Sources */ = {isa = PBXBuildFile; fileRef = CBBB095F29D7F54C00DB4C30 /* UITableViewCellRegister.swift */; };
		CBBB096329D7F78A00DB4C30 /* Diary.swift in Sources */ = {isa = PBXBuildFile; fileRef = CBBB096229D7F78A00DB4C30 /* Diary.swift */; };
		CBBB096629D7F92600DB4C30 /* MainViewModel.swift in Sources */ = {isa = PBXBuildFile; fileRef = CBBB096529D7F92600DB4C30 /* MainViewModel.swift */; };
		CBBB098929D81A0200DB4C30 /* CreateViewController.swift in Sources */ = {isa = PBXBuildFile; fileRef = CBBB098829D81A0200DB4C30 /* CreateViewController.swift */; };
		CBBB098B29D823D900DB4C30 /* UITextField+.swift in Sources */ = {isa = PBXBuildFile; fileRef = CBBB098A29D823D900DB4C30 /* UITextField+.swift */; };
		CBBB098D29D8309200DB4C30 /* UserDefaults+.swift in Sources */ = {isa = PBXBuildFile; fileRef = CBBB098C29D8309200DB4C30 /* UserDefaults+.swift */; };
		CBBB099129D8382500DB4C30 /* Date+.swift in Sources */ = {isa = PBXBuildFile; fileRef = CBBB099029D8382500DB4C30 /* Date+.swift */; };
		CBBB099329D8388B00DB4C30 /* DiaryManager.swift in Sources */ = {isa = PBXBuildFile; fileRef = CBBB099229D8388B00DB4C30 /* DiaryManager.swift */; };
/* End PBXBuildFile section */

/* Begin PBXFileReference section */
		0261C5DCF1F130953E93AB79 /* Pods-Today Diary.debug.xcconfig */ = {isa = PBXFileReference; includeInIndex = 1; lastKnownFileType = text.xcconfig; name = "Pods-Today Diary.debug.xcconfig"; path = "Target Support Files/Pods-Today Diary/Pods-Today Diary.debug.xcconfig"; sourceTree = "<group>"; };
		15A2FDFA9C46E59A809CBB72 /* Pods-Today Diary.release.xcconfig */ = {isa = PBXFileReference; includeInIndex = 1; lastKnownFileType = text.xcconfig; name = "Pods-Today Diary.release.xcconfig"; path = "Target Support Files/Pods-Today Diary/Pods-Today Diary.release.xcconfig"; sourceTree = "<group>"; };
		5E11BC606A6FE9CCD3DD461C /* Pods_Today_Diary.framework */ = {isa = PBXFileReference; explicitFileType = wrapper.framework; includeInIndex = 0; path = Pods_Today_Diary.framework; sourceTree = BUILT_PRODUCTS_DIR; };
		CB0780C229DBDF40009FAADB /* DetailViewModel.swift */ = {isa = PBXFileReference; lastKnownFileType = sourcecode.swift; path = DetailViewModel.swift; sourceTree = "<group>"; };
		CB24303429CEEE6E0046AD0C /* Today Diary.app */ = {isa = PBXFileReference; explicitFileType = wrapper.application; includeInIndex = 0; path = "Today Diary.app"; sourceTree = BUILT_PRODUCTS_DIR; };
		CB24303729CEEE6E0046AD0C /* AppDelegate.swift */ = {isa = PBXFileReference; lastKnownFileType = sourcecode.swift; path = AppDelegate.swift; sourceTree = "<group>"; };
		CB24303929CEEE6E0046AD0C /* SceneDelegate.swift */ = {isa = PBXFileReference; lastKnownFileType = sourcecode.swift; path = SceneDelegate.swift; sourceTree = "<group>"; };
		CB24303B29CEEE6E0046AD0C /* MainViewController.swift */ = {isa = PBXFileReference; lastKnownFileType = sourcecode.swift; path = MainViewController.swift; sourceTree = "<group>"; };
		CB24304029CEEE6E0046AD0C /* Assets.xcassets */ = {isa = PBXFileReference; lastKnownFileType = folder.assetcatalog; path = Assets.xcassets; sourceTree = "<group>"; };
		CB24304329CEEE6E0046AD0C /* Base */ = {isa = PBXFileReference; lastKnownFileType = file.storyboard; name = Base; path = Base.lproj/LaunchScreen.storyboard; sourceTree = "<group>"; };
		CB24304529CEEE6E0046AD0C /* Info.plist */ = {isa = PBXFileReference; lastKnownFileType = text.plist.xml; path = Info.plist; sourceTree = "<group>"; };
		CB60E47029DD74D100A7915F /* CreateViewModel.swift */ = {isa = PBXFileReference; lastKnownFileType = sourcecode.swift; path = CreateViewModel.swift; sourceTree = "<group>"; };
		CB6C3DCA29D9393500E9BB6D /* DateFormatter+.swift */ = {isa = PBXFileReference; lastKnownFileType = sourcecode.swift; path = "DateFormatter+.swift"; sourceTree = "<group>"; };
		CB7A34E429D94F0E002E435D /* DetailViewController.swift */ = {isa = PBXFileReference; lastKnownFileType = sourcecode.swift; path = DetailViewController.swift; sourceTree = "<group>"; };
		CB7A34E629D9506C002E435D /* UIFont+.swift */ = {isa = PBXFileReference; lastKnownFileType = sourcecode.swift; path = "UIFont+.swift"; sourceTree = "<group>"; };
		CB7A34E829D95CE8002E435D /* Coordinator.swift */ = {isa = PBXFileReference; lastKnownFileType = sourcecode.swift; path = Coordinator.swift; sourceTree = "<group>"; };
		CB7A34EA29D95D02002E435D /* DetailCoordinator.swift */ = {isa = PBXFileReference; lastKnownFileType = sourcecode.swift; path = DetailCoordinator.swift; sourceTree = "<group>"; };
		CB7A34EC29D95D0A002E435D /* CreateCoorinator.swift */ = {isa = PBXFileReference; lastKnownFileType = sourcecode.swift; path = CreateCoorinator.swift; sourceTree = "<group>"; };
		CB7A34EE29D95DB4002E435D /* MainCoordinator.swift */ = {isa = PBXFileReference; lastKnownFileType = sourcecode.swift; path = MainCoordinator.swift; sourceTree = "<group>"; };
		CBBB095229D7F07400DB4C30 /* SystemImage.swift */ = {isa = PBXFileReference; lastKnownFileType = sourcecode.swift; path = SystemImage.swift; sourceTree = "<group>"; };
		CBBB095829D7F1A400DB4C30 /* DiaryListBackgroundView.swift */ = {isa = PBXFileReference; lastKnownFileType = sourcecode.swift; path = DiaryListBackgroundView.swift; sourceTree = "<group>"; };
		CBBB095A29D7F33900DB4C30 /* DiaryListBackgroundViewModel.swift */ = {isa = PBXFileReference; lastKnownFileType = sourcecode.swift; path = DiaryListBackgroundViewModel.swift; sourceTree = "<group>"; };
		CBBB095C29D7F52300DB4C30 /* DiaryListCell.swift */ = {isa = PBXFileReference; lastKnownFileType = sourcecode.swift; path = DiaryListCell.swift; sourceTree = "<group>"; };
		CBBB095F29D7F54C00DB4C30 /* UITableViewCellRegister.swift */ = {isa = PBXFileReference; lastKnownFileType = sourcecode.swift; path = UITableViewCellRegister.swift; sourceTree = "<group>"; };
		CBBB096229D7F78A00DB4C30 /* Diary.swift */ = {isa = PBXFileReference; lastKnownFileType = sourcecode.swift; path = Diary.swift; sourceTree = "<group>"; };
		CBBB096529D7F92600DB4C30 /* MainViewModel.swift */ = {isa = PBXFileReference; lastKnownFileType = sourcecode.swift; path = MainViewModel.swift; sourceTree = "<group>"; };
		CBBB098829D81A0200DB4C30 /* CreateViewController.swift */ = {isa = PBXFileReference; lastKnownFileType = sourcecode.swift; path = CreateViewController.swift; sourceTree = "<group>"; };
		CBBB098A29D823D900DB4C30 /* UITextField+.swift */ = {isa = PBXFileReference; lastKnownFileType = sourcecode.swift; path = "UITextField+.swift"; sourceTree = "<group>"; };
		CBBB098C29D8309200DB4C30 /* UserDefaults+.swift */ = {isa = PBXFileReference; lastKnownFileType = sourcecode.swift; path = "UserDefaults+.swift"; sourceTree = "<group>"; };
		CBBB099029D8382500DB4C30 /* Date+.swift */ = {isa = PBXFileReference; lastKnownFileType = sourcecode.swift; path = "Date+.swift"; sourceTree = "<group>"; };
		CBBB099229D8388B00DB4C30 /* DiaryManager.swift */ = {isa = PBXFileReference; lastKnownFileType = sourcecode.swift; path = DiaryManager.swift; sourceTree = "<group>"; };
/* End PBXFileReference section */

/* Begin PBXFrameworksBuildPhase section */
		CB24303129CEEE6E0046AD0C /* Frameworks */ = {
			isa = PBXFrameworksBuildPhase;
			buildActionMask = 2147483647;
			files = (
				04188DF0AD3BC153653CDE99 /* Pods_Today_Diary.framework in Frameworks */,
			);
			runOnlyForDeploymentPostprocessing = 0;
		};
/* End PBXFrameworksBuildPhase section */

/* Begin PBXGroup section */
		C66DA2C657A0EF5C862EE741 /* Frameworks */ = {
			isa = PBXGroup;
			children = (
				5E11BC606A6FE9CCD3DD461C /* Pods_Today_Diary.framework */,
			);
			name = Frameworks;
			sourceTree = "<group>";
		};
		CB03B28029D58E27008771BD /* Presentation */ = {
			isa = PBXGroup;
			children = (
				CBBB095729D7F19500DB4C30 /* MainViewController */,
				CBBB098729D819EE00DB4C30 /* CreateViewController */,
				CB7A34E329D94C34002E435D /* DetailDiaryViewController */,
			);
			path = Presentation;
			sourceTree = "<group>";
		};
		CB24302B29CEEE6E0046AD0C = {
			isa = PBXGroup;
			children = (
				CB24303629CEEE6E0046AD0C /* Today Diary */,
				CB24303529CEEE6E0046AD0C /* Products */,
				DEC0A61058BF32A4BAFE8D0B /* Pods */,
				C66DA2C657A0EF5C862EE741 /* Frameworks */,
			);
			sourceTree = "<group>";
		};
		CB24303529CEEE6E0046AD0C /* Products */ = {
			isa = PBXGroup;
			children = (
				CB24303429CEEE6E0046AD0C /* Today Diary.app */,
			);
			name = Products;
			sourceTree = "<group>";
		};
		CB24303629CEEE6E0046AD0C /* Today Diary */ = {
			isa = PBXGroup;
			children = (
				CB24303729CEEE6E0046AD0C /* AppDelegate.swift */,
				CB24303929CEEE6E0046AD0C /* SceneDelegate.swift */,
				CBBB096129D7F77400DB4C30 /* Entity */,
				CBBB095E29D7F53C00DB4C30 /* Protocol */,
				CBBB095129D7F06A00DB4C30 /* Enum */,
				CBBB095029D7F02C00DB4C30 /* Extenstion */,
				CB03B28029D58E27008771BD /* Presentation */,
				CB24304029CEEE6E0046AD0C /* Assets.xcassets */,
				CB24304229CEEE6E0046AD0C /* LaunchScreen.storyboard */,
				CB24304529CEEE6E0046AD0C /* Info.plist */,
			);
			path = "Today Diary";
			sourceTree = "<group>";
		};
		CB7A34E329D94C34002E435D /* DetailDiaryViewController */ = {
			isa = PBXGroup;
			children = (
				CB7A34EA29D95D02002E435D /* DetailCoordinator.swift */,
				CB7A34E429D94F0E002E435D /* DetailViewController.swift */,
				CB0780C229DBDF40009FAADB /* DetailViewModel.swift */,
			);
			path = DetailDiaryViewController;
			sourceTree = "<group>";
		};
		CBBB095029D7F02C00DB4C30 /* Extenstion */ = {
			isa = PBXGroup;
			children = (
				CBBB098C29D8309200DB4C30 /* UserDefaults+.swift */,
				CBBB098A29D823D900DB4C30 /* UITextField+.swift */,
				CBBB099029D8382500DB4C30 /* Date+.swift */,
				CB6C3DCA29D9393500E9BB6D /* DateFormatter+.swift */,
				CB7A34E629D9506C002E435D /* UIFont+.swift */,
			);
			path = Extenstion;
			sourceTree = "<group>";
		};
		CBBB095129D7F06A00DB4C30 /* Enum */ = {
			isa = PBXGroup;
			children = (
				CBBB095229D7F07400DB4C30 /* SystemImage.swift */,
			);
			path = Enum;
			sourceTree = "<group>";
		};
		CBBB095429D7F17600DB4C30 /* DiaryListCell */ = {
			isa = PBXGroup;
			children = (
				CBBB095C29D7F52300DB4C30 /* DiaryListCell.swift */,
			);
			path = DiaryListCell;
			sourceTree = "<group>";
		};
		CBBB095529D7F17D00DB4C30 /* DiaryListBackgroundView */ = {
			isa = PBXGroup;
			children = (
				CBBB095829D7F1A400DB4C30 /* DiaryListBackgroundView.swift */,
				CBBB095A29D7F33900DB4C30 /* DiaryListBackgroundViewModel.swift */,
			);
			path = DiaryListBackgroundView;
			sourceTree = "<group>";
		};
		CBBB095629D7F18D00DB4C30 /* DiaryList */ = {
			isa = PBXGroup;
			children = (
				CBBB095529D7F17D00DB4C30 /* DiaryListBackgroundView */,
				CBBB095429D7F17600DB4C30 /* DiaryListCell */,
			);
			path = DiaryList;
			sourceTree = "<group>";
		};
		CBBB095729D7F19500DB4C30 /* MainViewController */ = {
			isa = PBXGroup;
			children = (
				CB7A34EE29D95DB4002E435D /* MainCoordinator.swift */,
				CB24303B29CEEE6E0046AD0C /* MainViewController.swift */,
				CBBB096529D7F92600DB4C30 /* MainViewModel.swift */,
				CBBB095629D7F18D00DB4C30 /* DiaryList */,
			);
			path = MainViewController;
			sourceTree = "<group>";
		};
		CBBB095E29D7F53C00DB4C30 /* Protocol */ = {
			isa = PBXGroup;
			children = (
				CBBB095F29D7F54C00DB4C30 /* UITableViewCellRegister.swift */,
				CB7A34E829D95CE8002E435D /* Coordinator.swift */,
			);
			path = Protocol;
			sourceTree = "<group>";
		};
		CBBB096129D7F77400DB4C30 /* Entity */ = {
			isa = PBXGroup;
			children = (
				CBBB096229D7F78A00DB4C30 /* Diary.swift */,
				CBBB099229D8388B00DB4C30 /* DiaryManager.swift */,
			);
			path = Entity;
			sourceTree = "<group>";
		};
		CBBB098729D819EE00DB4C30 /* CreateViewController */ = {
			isa = PBXGroup;
			children = (
				CB7A34EC29D95D0A002E435D /* CreateCoorinator.swift */,
				CBBB098829D81A0200DB4C30 /* CreateViewController.swift */,
				CB60E47029DD74D100A7915F /* CreateViewModel.swift */,
			);
			path = CreateViewController;
			sourceTree = "<group>";
		};
		DEC0A61058BF32A4BAFE8D0B /* Pods */ = {
			isa = PBXGroup;
			children = (
				0261C5DCF1F130953E93AB79 /* Pods-Today Diary.debug.xcconfig */,
				15A2FDFA9C46E59A809CBB72 /* Pods-Today Diary.release.xcconfig */,
			);
			path = Pods;
			sourceTree = "<group>";
		};
/* End PBXGroup section */

/* Begin PBXNativeTarget section */
		CB24303329CEEE6E0046AD0C /* Today Diary */ = {
			isa = PBXNativeTarget;
			buildConfigurationList = CB24304829CEEE6E0046AD0C /* Build configuration list for PBXNativeTarget "Today Diary" */;
			buildPhases = (
				EAB50D0839F40A98625F32A6 /* [CP] Check Pods Manifest.lock */,
				CB24303029CEEE6E0046AD0C /* Sources */,
				CB24303129CEEE6E0046AD0C /* Frameworks */,
				CB24303229CEEE6E0046AD0C /* Resources */,
				9958131B38EA8813C21F7AB5 /* [CP] Embed Pods Frameworks */,
			);
			buildRules = (
			);
			dependencies = (
			);
			name = "Today Diary";
			productName = "Today Diary";
			productReference = CB24303429CEEE6E0046AD0C /* Today Diary.app */;
			productType = "com.apple.product-type.application";
		};
/* End PBXNativeTarget section */

/* Begin PBXProject section */
		CB24302C29CEEE6E0046AD0C /* Project object */ = {
			isa = PBXProject;
			attributes = {
				BuildIndependentTargetsInParallel = 1;
				LastSwiftUpdateCheck = 1420;
				LastUpgradeCheck = 1420;
				TargetAttributes = {
					CB24303329CEEE6E0046AD0C = {
						CreatedOnToolsVersion = 14.2;
					};
				};
			};
			buildConfigurationList = CB24302F29CEEE6E0046AD0C /* Build configuration list for PBXProject "Today Diary" */;
			compatibilityVersion = "Xcode 14.0";
			developmentRegion = en;
			hasScannedForEncodings = 0;
			knownRegions = (
				en,
				Base,
			);
			mainGroup = CB24302B29CEEE6E0046AD0C;
			productRefGroup = CB24303529CEEE6E0046AD0C /* Products */;
			projectDirPath = "";
			projectRoot = "";
			targets = (
				CB24303329CEEE6E0046AD0C /* Today Diary */,
			);
		};
/* End PBXProject section */

/* Begin PBXResourcesBuildPhase section */
		CB24303229CEEE6E0046AD0C /* Resources */ = {
			isa = PBXResourcesBuildPhase;
			buildActionMask = 2147483647;
			files = (
				CB24304429CEEE6E0046AD0C /* LaunchScreen.storyboard in Resources */,
				CB24304129CEEE6E0046AD0C /* Assets.xcassets in Resources */,
			);
			runOnlyForDeploymentPostprocessing = 0;
		};
/* End PBXResourcesBuildPhase section */

/* Begin PBXShellScriptBuildPhase section */
		9958131B38EA8813C21F7AB5 /* [CP] Embed Pods Frameworks */ = {
			isa = PBXShellScriptBuildPhase;
			buildActionMask = 2147483647;
			files = (
			);
			inputFileListPaths = (
				"${PODS_ROOT}/Target Support Files/Pods-Today Diary/Pods-Today Diary-frameworks-${CONFIGURATION}-input-files.xcfilelist",
			);
			name = "[CP] Embed Pods Frameworks";
			outputFileListPaths = (
				"${PODS_ROOT}/Target Support Files/Pods-Today Diary/Pods-Today Diary-frameworks-${CONFIGURATION}-output-files.xcfilelist",
			);
			runOnlyForDeploymentPostprocessing = 0;
			shellPath = /bin/sh;
			shellScript = "\"${PODS_ROOT}/Target Support Files/Pods-Today Diary/Pods-Today Diary-frameworks.sh\"\n";
			showEnvVarsInLog = 0;
		};
		EAB50D0839F40A98625F32A6 /* [CP] Check Pods Manifest.lock */ = {
			isa = PBXShellScriptBuildPhase;
			buildActionMask = 2147483647;
			files = (
			);
			inputFileListPaths = (
			);
			inputPaths = (
				"${PODS_PODFILE_DIR_PATH}/Podfile.lock",
				"${PODS_ROOT}/Manifest.lock",
			);
			name = "[CP] Check Pods Manifest.lock";
			outputFileListPaths = (
			);
			outputPaths = (
				"$(DERIVED_FILE_DIR)/Pods-Today Diary-checkManifestLockResult.txt",
			);
			runOnlyForDeploymentPostprocessing = 0;
			shellPath = /bin/sh;
			shellScript = "diff \"${PODS_PODFILE_DIR_PATH}/Podfile.lock\" \"${PODS_ROOT}/Manifest.lock\" > /dev/null\nif [ $? != 0 ] ; then\n    # print error to STDERR\n    echo \"error: The sandbox is not in sync with the Podfile.lock. Run 'pod install' or update your CocoaPods installation.\" >&2\n    exit 1\nfi\n# This output is used by Xcode 'outputs' to avoid re-running this script phase.\necho \"SUCCESS\" > \"${SCRIPT_OUTPUT_FILE_0}\"\n";
			showEnvVarsInLog = 0;
		};
/* End PBXShellScriptBuildPhase section */

/* Begin PBXSourcesBuildPhase section */
		CB24303029CEEE6E0046AD0C /* Sources */ = {
			isa = PBXSourcesBuildPhase;
			buildActionMask = 2147483647;
			files = (
				CB7A34EB29D95D02002E435D /* DetailCoordinator.swift in Sources */,
				CBBB098929D81A0200DB4C30 /* CreateViewController.swift in Sources */,
				CB60E47129DD74D100A7915F /* CreateViewModel.swift in Sources */,
				CBBB099329D8388B00DB4C30 /* DiaryManager.swift in Sources */,
				CB7A34ED29D95D0A002E435D /* CreateCoorinator.swift in Sources */,
				CB7A34E729D9506C002E435D /* UIFont+.swift in Sources */,
				CBBB095329D7F07400DB4C30 /* SystemImage.swift in Sources */,
				CBBB098D29D8309200DB4C30 /* UserDefaults+.swift in Sources */,
				CB24303C29CEEE6E0046AD0C /* MainViewController.swift in Sources */,
				CB7A34EF29D95DB4002E435D /* MainCoordinator.swift in Sources */,
				CB7A34E529D94F0E002E435D /* DetailViewController.swift in Sources */,
				CBBB098B29D823D900DB4C30 /* UITextField+.swift in Sources */,
				CBBB095D29D7F52300DB4C30 /* DiaryListCell.swift in Sources */,
				CB6C3DCB29D9393500E9BB6D /* DateFormatter+.swift in Sources */,
				CBBB095B29D7F33900DB4C30 /* DiaryListBackgroundViewModel.swift in Sources */,
				CB0780C329DBDF40009FAADB /* DetailViewModel.swift in Sources */,
				CB24303829CEEE6E0046AD0C /* AppDelegate.swift in Sources */,
				CB7A34E929D95CE8002E435D /* Coordinator.swift in Sources */,
				CBBB096629D7F92600DB4C30 /* MainViewModel.swift in Sources */,
				CBBB095929D7F1A400DB4C30 /* DiaryListBackgroundView.swift in Sources */,
				CBBB096029D7F54C00DB4C30 /* UITableViewCellRegister.swift in Sources */,
				CBBB099129D8382500DB4C30 /* Date+.swift in Sources */,
				CB24303A29CEEE6E0046AD0C /* SceneDelegate.swift in Sources */,
				CBBB096329D7F78A00DB4C30 /* Diary.swift in Sources */,
			);
			runOnlyForDeploymentPostprocessing = 0;
		};
/* End PBXSourcesBuildPhase section */

/* Begin PBXVariantGroup section */
		CB24304229CEEE6E0046AD0C /* LaunchScreen.storyboard */ = {
			isa = PBXVariantGroup;
			children = (
				CB24304329CEEE6E0046AD0C /* Base */,
			);
			name = LaunchScreen.storyboard;
			sourceTree = "<group>";
		};
/* End PBXVariantGroup section */

/* Begin XCBuildConfiguration section */
		CB24304629CEEE6E0046AD0C /* Debug */ = {
			isa = XCBuildConfiguration;
			buildSettings = {
				ALWAYS_SEARCH_USER_PATHS = NO;
				CLANG_ANALYZER_NONNULL = YES;
				CLANG_ANALYZER_NUMBER_OBJECT_CONVERSION = YES_AGGRESSIVE;
				CLANG_CXX_LANGUAGE_STANDARD = "gnu++20";
				CLANG_ENABLE_MODULES = YES;
				CLANG_ENABLE_OBJC_ARC = YES;
				CLANG_ENABLE_OBJC_WEAK = YES;
				CLANG_WARN_BLOCK_CAPTURE_AUTORELEASING = YES;
				CLANG_WARN_BOOL_CONVERSION = YES;
				CLANG_WARN_COMMA = YES;
				CLANG_WARN_CONSTANT_CONVERSION = YES;
				CLANG_WARN_DEPRECATED_OBJC_IMPLEMENTATIONS = YES;
				CLANG_WARN_DIRECT_OBJC_ISA_USAGE = YES_ERROR;
				CLANG_WARN_DOCUMENTATION_COMMENTS = YES;
				CLANG_WARN_EMPTY_BODY = YES;
				CLANG_WARN_ENUM_CONVERSION = YES;
				CLANG_WARN_INFINITE_RECURSION = YES;
				CLANG_WARN_INT_CONVERSION = YES;
				CLANG_WARN_NON_LITERAL_NULL_CONVERSION = YES;
				CLANG_WARN_OBJC_IMPLICIT_RETAIN_SELF = YES;
				CLANG_WARN_OBJC_LITERAL_CONVERSION = YES;
				CLANG_WARN_OBJC_ROOT_CLASS = YES_ERROR;
				CLANG_WARN_QUOTED_INCLUDE_IN_FRAMEWORK_HEADER = YES;
				CLANG_WARN_RANGE_LOOP_ANALYSIS = YES;
				CLANG_WARN_STRICT_PROTOTYPES = YES;
				CLANG_WARN_SUSPICIOUS_MOVE = YES;
				CLANG_WARN_UNGUARDED_AVAILABILITY = YES_AGGRESSIVE;
				CLANG_WARN_UNREACHABLE_CODE = YES;
				CLANG_WARN__DUPLICATE_METHOD_MATCH = YES;
				COPY_PHASE_STRIP = NO;
				DEBUG_INFORMATION_FORMAT = dwarf;
				ENABLE_STRICT_OBJC_MSGSEND = YES;
				ENABLE_TESTABILITY = YES;
				GCC_C_LANGUAGE_STANDARD = gnu11;
				GCC_DYNAMIC_NO_PIC = NO;
				GCC_NO_COMMON_BLOCKS = YES;
				GCC_OPTIMIZATION_LEVEL = 0;
				GCC_PREPROCESSOR_DEFINITIONS = (
					"DEBUG=1",
					"$(inherited)",
				);
				GCC_WARN_64_TO_32_BIT_CONVERSION = YES;
				GCC_WARN_ABOUT_RETURN_TYPE = YES_ERROR;
				GCC_WARN_UNDECLARED_SELECTOR = YES;
				GCC_WARN_UNINITIALIZED_AUTOS = YES_AGGRESSIVE;
				GCC_WARN_UNUSED_FUNCTION = YES;
				GCC_WARN_UNUSED_VARIABLE = YES;
				IPHONEOS_DEPLOYMENT_TARGET = 15.0;
				MTL_ENABLE_DEBUG_INFO = INCLUDE_SOURCE;
				MTL_FAST_MATH = YES;
				ONLY_ACTIVE_ARCH = YES;
				SDKROOT = iphoneos;
				SWIFT_ACTIVE_COMPILATION_CONDITIONS = DEBUG;
				SWIFT_OPTIMIZATION_LEVEL = "-Onone";
			};
			name = Debug;
		};
		CB24304729CEEE6E0046AD0C /* Release */ = {
			isa = XCBuildConfiguration;
			buildSettings = {
				ALWAYS_SEARCH_USER_PATHS = NO;
				CLANG_ANALYZER_NONNULL = YES;
				CLANG_ANALYZER_NUMBER_OBJECT_CONVERSION = YES_AGGRESSIVE;
				CLANG_CXX_LANGUAGE_STANDARD = "gnu++20";
				CLANG_ENABLE_MODULES = YES;
				CLANG_ENABLE_OBJC_ARC = YES;
				CLANG_ENABLE_OBJC_WEAK = YES;
				CLANG_WARN_BLOCK_CAPTURE_AUTORELEASING = YES;
				CLANG_WARN_BOOL_CONVERSION = YES;
				CLANG_WARN_COMMA = YES;
				CLANG_WARN_CONSTANT_CONVERSION = YES;
				CLANG_WARN_DEPRECATED_OBJC_IMPLEMENTATIONS = YES;
				CLANG_WARN_DIRECT_OBJC_ISA_USAGE = YES_ERROR;
				CLANG_WARN_DOCUMENTATION_COMMENTS = YES;
				CLANG_WARN_EMPTY_BODY = YES;
				CLANG_WARN_ENUM_CONVERSION = YES;
				CLANG_WARN_INFINITE_RECURSION = YES;
				CLANG_WARN_INT_CONVERSION = YES;
				CLANG_WARN_NON_LITERAL_NULL_CONVERSION = YES;
				CLANG_WARN_OBJC_IMPLICIT_RETAIN_SELF = YES;
				CLANG_WARN_OBJC_LITERAL_CONVERSION = YES;
				CLANG_WARN_OBJC_ROOT_CLASS = YES_ERROR;
				CLANG_WARN_QUOTED_INCLUDE_IN_FRAMEWORK_HEADER = YES;
				CLANG_WARN_RANGE_LOOP_ANALYSIS = YES;
				CLANG_WARN_STRICT_PROTOTYPES = YES;
				CLANG_WARN_SUSPICIOUS_MOVE = YES;
				CLANG_WARN_UNGUARDED_AVAILABILITY = YES_AGGRESSIVE;
				CLANG_WARN_UNREACHABLE_CODE = YES;
				CLANG_WARN__DUPLICATE_METHOD_MATCH = YES;
				COPY_PHASE_STRIP = NO;
				DEBUG_INFORMATION_FORMAT = "dwarf-with-dsym";
				ENABLE_NS_ASSERTIONS = NO;
				ENABLE_STRICT_OBJC_MSGSEND = YES;
				GCC_C_LANGUAGE_STANDARD = gnu11;
				GCC_NO_COMMON_BLOCKS = YES;
				GCC_WARN_64_TO_32_BIT_CONVERSION = YES;
				GCC_WARN_ABOUT_RETURN_TYPE = YES_ERROR;
				GCC_WARN_UNDECLARED_SELECTOR = YES;
				GCC_WARN_UNINITIALIZED_AUTOS = YES_AGGRESSIVE;
				GCC_WARN_UNUSED_FUNCTION = YES;
				GCC_WARN_UNUSED_VARIABLE = YES;
				IPHONEOS_DEPLOYMENT_TARGET = 15.0;
				MTL_ENABLE_DEBUG_INFO = NO;
				MTL_FAST_MATH = YES;
				SDKROOT = iphoneos;
				SWIFT_COMPILATION_MODE = wholemodule;
				SWIFT_OPTIMIZATION_LEVEL = "-O";
				VALIDATE_PRODUCT = YES;
			};
			name = Release;
		};
		CB24304929CEEE6E0046AD0C /* Debug */ = {
			isa = XCBuildConfiguration;
			baseConfigurationReference = 0261C5DCF1F130953E93AB79 /* Pods-Today Diary.debug.xcconfig */;
			buildSettings = {
				ASSETCATALOG_COMPILER_APPICON_NAME = AppIcon;
				ASSETCATALOG_COMPILER_GLOBAL_ACCENT_COLOR_NAME = AccentColor;
				CODE_SIGN_STYLE = Automatic;
				CURRENT_PROJECT_VERSION = 1;
				DEVELOPMENT_TEAM = 34STBCNCDG;
				GENERATE_INFOPLIST_FILE = YES;
				INFOPLIST_FILE = "Today Diary/Info.plist";
				INFOPLIST_KEY_UIApplicationSupportsIndirectInputEvents = YES;
				INFOPLIST_KEY_UILaunchStoryboardName = LaunchScreen;
				INFOPLIST_KEY_UISupportedInterfaceOrientations = UIInterfaceOrientationPortrait;
				INFOPLIST_KEY_UISupportedInterfaceOrientations_iPad = "UIInterfaceOrientationLandscapeLeft UIInterfaceOrientationLandscapeRight UIInterfaceOrientationPortrait UIInterfaceOrientationPortraitUpsideDown";
				IPHONEOS_DEPLOYMENT_TARGET = 15.0;
				LD_RUNPATH_SEARCH_PATHS = (
					"$(inherited)",
					"@executable_path/Frameworks",
				);
				MARKETING_VERSION = 1.0;
				PRODUCT_BUNDLE_IDENTIFIER = "com.gmail.junbok97.Today-Diary";
				PRODUCT_NAME = "$(TARGET_NAME)";
				SUPPORTED_PLATFORMS = "iphoneos iphonesimulator";
				SUPPORTS_MACCATALYST = NO;
				SUPPORTS_MAC_DESIGNED_FOR_IPHONE_IPAD = NO;
				SWIFT_EMIT_LOC_STRINGS = YES;
				SWIFT_VERSION = 5.0;
				TARGETED_DEVICE_FAMILY = 1;
			};
			name = Debug;
		};
		CB24304A29CEEE6E0046AD0C /* Release */ = {
			isa = XCBuildConfiguration;
			baseConfigurationReference = 15A2FDFA9C46E59A809CBB72 /* Pods-Today Diary.release.xcconfig */;
			buildSettings = {
				ASSETCATALOG_COMPILER_APPICON_NAME = AppIcon;
				ASSETCATALOG_COMPILER_GLOBAL_ACCENT_COLOR_NAME = AccentColor;
				CODE_SIGN_STYLE = Automatic;
				CURRENT_PROJECT_VERSION = 1;
				DEVELOPMENT_TEAM = 34STBCNCDG;
				GENERATE_INFOPLIST_FILE = YES;
				INFOPLIST_FILE = "Today Diary/Info.plist";
				INFOPLIST_KEY_UIApplicationSupportsIndirectInputEvents = YES;
				INFOPLIST_KEY_UILaunchStoryboardName = LaunchScreen;
				INFOPLIST_KEY_UISupportedInterfaceOrientations = UIInterfaceOrientationPortrait;
				INFOPLIST_KEY_UISupportedInterfaceOrientations_iPad = "UIInterfaceOrientationLandscapeLeft UIInterfaceOrientationLandscapeRight UIInterfaceOrientationPortrait UIInterfaceOrientationPortraitUpsideDown";
				IPHONEOS_DEPLOYMENT_TARGET = 15.0;
				LD_RUNPATH_SEARCH_PATHS = (
					"$(inherited)",
					"@executable_path/Frameworks",
				);
				MARKETING_VERSION = 1.0;
				PRODUCT_BUNDLE_IDENTIFIER = "com.gmail.junbok97.Today-Diary";
				PRODUCT_NAME = "$(TARGET_NAME)";
				SUPPORTED_PLATFORMS = "iphoneos iphonesimulator";
				SUPPORTS_MACCATALYST = NO;
				SUPPORTS_MAC_DESIGNED_FOR_IPHONE_IPAD = NO;
				SWIFT_EMIT_LOC_STRINGS = YES;
				SWIFT_VERSION = 5.0;
				TARGETED_DEVICE_FAMILY = 1;
			};
			name = Release;
		};
/* End XCBuildConfiguration section */

/* Begin XCConfigurationList section */
		CB24302F29CEEE6E0046AD0C /* Build configuration list for PBXProject "Today Diary" */ = {
			isa = XCConfigurationList;
			buildConfigurations = (
				CB24304629CEEE6E0046AD0C /* Debug */,
				CB24304729CEEE6E0046AD0C /* Release */,
			);
			defaultConfigurationIsVisible = 0;
			defaultConfigurationName = Release;
		};
		CB24304829CEEE6E0046AD0C /* Build configuration list for PBXNativeTarget "Today Diary" */ = {
			isa = XCConfigurationList;
			buildConfigurations = (
				CB24304929CEEE6E0046AD0C /* Debug */,
				CB24304A29CEEE6E0046AD0C /* Release */,
			);
			defaultConfigurationIsVisible = 0;
			defaultConfigurationName = Release;
		};
/* End XCConfigurationList section */
	};
	rootObject = CB24302C29CEEE6E0046AD0C /* Project object */;
}
